
Microsoft Visual Studio Solution File, Format Version 12.00
# Visual Studio Version 17
VisualStudioVersion = 17.0.32014.148
MinimumVisualStudioVersion = 10.0.40219.1
Project("{FAE04EC0-301F-11D3-BF4B-00C04F79EFBC}") = "WpfControls", "WpfControls\WpfControls.csproj", "{0D06AABF-B3EC-44A2-B2BD-B14C4B8BC989}"
EndProject
Global
	GlobalSection(SolutionConfigurationPlatforms) = preSolution
		Debug|Any CPU = Debug|Any CPU
		Release|Any CPU = Release|Any CPU
	EndGlobalSection
	GlobalSection(ProjectConfigurationPlatforms) = postSolution
		{0D06AABF-B3EC-44A2-B2BD-B14C4B8BC989}.Debug|Any CPU.ActiveCfg = Debug|Any CPU
		{0D06AABF-B3EC-44A2-B2BD-B14C4B8BC989}.Debug|Any CPU.Build.0 = Debug|Any CPU
		{0D06AABF-B3EC-44A2-B2BD-B14C4B8BC989}.Release|Any CPU.ActiveCfg = Release|Any CPU
		{0D06AABF-B3EC-44A2-B2BD-B14C4B8BC989}.Release|Any CPU.Build.0 = Release|Any CPU
	EndGlobalSection
	GlobalSection(SolutionProperties) = preSolution
		HideSolutionNode = FALSE
	EndGlobalSection
	GlobalSection(ExtensibilityGlobals) = postSolution
		SolutionGuid = {1564018B-BF87-45BE-A3D6-0E4CEF861190}
	EndGlobalSection
EndGlobal
